{
  "name": "cjs-only",
  "version": "1.0.0",
  "lockfileVersion": 3,
  "requires": true,
  "packages": {
    "": {
      "name": "cjs-only",
      "version": "1.0.0",
      "license": "ISC",
      "dependencies": {
        "dotenv": "^17.2.2",
        "nylas": "file:../../"
      }
    },
    "../..": {
      "name": "nylas",
      "version": "7.13.0",
      "license": "MIT",
      "dependencies": {
        "change-case": "^4.1.2",
        "form-data-encoder": "^4.1.0",
        "formdata-node": "^6.0.3",
        "mime-types": "^2.1.35",
        "node-fetch": "^3.3.2",
        "uuid": "^8.3.2"
      },
      "devDependencies": {
        "@babel/core": "^7.3.3",
        "@types/jest": "^29.5.2",
        "@types/mime-types": "^2.1.2",
        "@types/node": "^22.15.21",
        "@types/uuid": "^8.3.4",
        "@typescript-eslint/eslint-plugin": "^2.25.0",
        "@typescript-eslint/parser": "^2.25.0",
        "eslint": "^5.14.0",
        "eslint-config-prettier": "^4.0.0",
        "eslint-plugin-custom-rules": "^0.0.0",
        "eslint-plugin-import": "^2.28.1",
        "eslint-plugin-prettier": "^3.0.1",
        "jest": "^29.6.1",
        "jest-fetch-mock": "^3.0.3",
        "prettier": "^3.5.3",
        "ts-jest": "^29.1.1",
        "typedoc": "^0.28.4",
        "typedoc-plugin-rename-defaults": "^0.7.3",
        "typescript": "^5.8.3"
      },
      "engines": {
        "node": ">=16"
      }
    },
    "node_modules/dotenv": {
      "version": "17.2.2",
      "resolved": "https://registry.npmjs.org/dotenv/-/dotenv-17.2.2.tgz",
      "integrity": "sha512-Sf2LSQP+bOlhKWWyhFsn0UsfdK/kCWRv1iuA2gXAwt3dyNabr6QSj00I2V10pidqz69soatm9ZwZvpQMTIOd5Q==",
      "license": "BSD-2-Clause",
      "engines": {
        "node": ">=12"
      },
      "funding": {
        "url": "https://dotenvx.com"
      }
    },
    "node_modules/nylas": {
      "resolved": "../..",
      "link": true
    }
  }
}
